
Microsoft Visual Studio Solution File, Format Version 12.00
# Visual Studio 14
VisualStudioVersion = 14.0.23107.0
MinimumVisualStudioVersion = 10.0.40219.1
Project("{FAE04EC0-301F-11D3-BF4B-00C04F79EFBC}") = "CSharpReview", "CSharpReview.csproj", "{6AFAB167-72B5-4B66-9802-9503CC01B503}"
EndProject
Project("{FAE04EC0-301F-11D3-BF4B-00C04F79EFBC}") = "8-05enum", "..\8-05enum\8-05enum.csproj", "{DA56AE62-DB56-4D7F-AC54-31692EC19B7D}"
EndProject
Project("{FAE04EC0-301F-11D3-BF4B-00C04F79EFBC}") = "水表", "..\水表\水表.csproj", "{A3A1354C-7C23-4366-8139-A2D5C6A7F2BB}"
EndProject
Project("{FAE04EC0-301F-11D3-BF4B-00C04F79EFBC}") = "数组", "..\数组\数组.csproj", "{AEE5642E-4E63-4CFA-BE0E-FBBB8151A49E}"
EndProject
Project("{FAE04EC0-301F-11D3-BF4B-00C04F79EFBC}") = "模拟按键", "模拟按键\模拟按键.csproj", "{EC962395-5433-4A54-8081-F24528C6BC21}"
EndProject
Project("{FAE04EC0-301F-11D3-BF4B-00C04F79EFBC}") = "winApi", "winApi\winApi.csproj", "{890771FD-0D58-47CA-9760-AA2EF28D6CFF}"
EndProject
Project("{FAE04EC0-301F-11D3-BF4B-00C04F79EFBC}") = "异步多线程", "异步多线程\异步多线程.csproj", "{F9586317-51EE-4CCD-9738-B02E46998BE0}"
EndProject
Project("{FAE04EC0-301F-11D3-BF4B-00C04F79EFBC}") = "Csharp批量漏洞", "Csharp批量漏洞\Csharp批量漏洞.csproj", "{ED5237EA-DEB1-4343-8265-F749CDBD3EDE}"
EndProject
Project("{FAE04EC0-301F-11D3-BF4B-00C04F79EFBC}") = "域名筛选", "..\域名筛选\域名筛选.csproj", "{C21556BA-5937-403C-A70A-283136158DF0}"
EndProject
Project("{FAE04EC0-301F-11D3-BF4B-00C04F79EFBC}") = "补天公益src列表获取", "..\补天公益src列表获取\补天公益src列表获取.csproj", "{8CD9D7C8-563B-47DF-9849-DDD3AC49F770}"
EndProject
Project("{FAE04EC0-301F-11D3-BF4B-00C04F79EFBC}") = "正则表达式", "正则表达式\正则表达式.csproj", "{B86A64A8-D933-410E-9124-FCA4DD646831}"
EndProject
Project("{FAE04EC0-301F-11D3-BF4B-00C04F79EFBC}") = "类型判断", "类型判断\类型判断.csproj", "{7B4D7718-532D-4059-9279-6CABDC9D7D92}"
EndProject
Project("{FAE04EC0-301F-11D3-BF4B-00C04F79EFBC}") = "html拼接", "..\html拼接\html拼接.csproj", "{7C019C29-7E29-48C7-BEE5-098C6B6F7EE5}"
EndProject
Project("{FAE04EC0-301F-11D3-BF4B-00C04F79EFBC}") = "json解析", "json解析\json解析.csproj", "{6445B906-3CB7-4896-85EF-2075336CAAA6}"
EndProject
Project("{FAE04EC0-301F-11D3-BF4B-00C04F79EFBC}") = "getAlicount", "..\getAlicount\getAlicount.csproj", "{2A109F0A-D8AD-48C6-BC4A-C14D597946F8}"
EndProject
Project("{FAE04EC0-301F-11D3-BF4B-00C04F79EFBC}") = "会员系统", "..\会员系统\会员系统.csproj", "{B187B711-7DD0-49F6-92B5-597511F282EF}"
EndProject
Global
	GlobalSection(SolutionConfigurationPlatforms) = preSolution
		Debug|Any CPU = Debug|Any CPU
		Release|Any CPU = Release|Any CPU
	EndGlobalSection
	GlobalSection(ProjectConfigurationPlatforms) = postSolution
		{6AFAB167-72B5-4B66-9802-9503CC01B503}.Debug|Any CPU.ActiveCfg = Debug|Any CPU
		{6AFAB167-72B5-4B66-9802-9503CC01B503}.Debug|Any CPU.Build.0 = Debug|Any CPU
		{6AFAB167-72B5-4B66-9802-9503CC01B503}.Release|Any CPU.ActiveCfg = Release|Any CPU
		{6AFAB167-72B5-4B66-9802-9503CC01B503}.Release|Any CPU.Build.0 = Release|Any CPU
		{DA56AE62-DB56-4D7F-AC54-31692EC19B7D}.Debug|Any CPU.ActiveCfg = Debug|Any CPU
		{DA56AE62-DB56-4D7F-AC54-31692EC19B7D}.Debug|Any CPU.Build.0 = Debug|Any CPU
		{DA56AE62-DB56-4D7F-AC54-31692EC19B7D}.Release|Any CPU.ActiveCfg = Release|Any CPU
		{DA56AE62-DB56-4D7F-AC54-31692EC19B7D}.Release|Any CPU.Build.0 = Release|Any CPU
		{A3A1354C-7C23-4366-8139-A2D5C6A7F2BB}.Debug|Any CPU.ActiveCfg = Debug|Any CPU
		{A3A1354C-7C23-4366-8139-A2D5C6A7F2BB}.Debug|Any CPU.Build.0 = Debug|Any CPU
		{A3A1354C-7C23-4366-8139-A2D5C6A7F2BB}.Release|Any CPU.ActiveCfg = Release|Any CPU
		{A3A1354C-7C23-4366-8139-A2D5C6A7F2BB}.Release|Any CPU.Build.0 = Release|Any CPU
		{AEE5642E-4E63-4CFA-BE0E-FBBB8151A49E}.Debug|Any CPU.ActiveCfg = Debug|Any CPU
		{AEE5642E-4E63-4CFA-BE0E-FBBB8151A49E}.Debug|Any CPU.Build.0 = Debug|Any CPU
		{AEE5642E-4E63-4CFA-BE0E-FBBB8151A49E}.Release|Any CPU.ActiveCfg = Release|Any CPU
		{AEE5642E-4E63-4CFA-BE0E-FBBB8151A49E}.Release|Any CPU.Build.0 = Release|Any CPU
		{EC962395-5433-4A54-8081-F24528C6BC21}.Debug|Any CPU.ActiveCfg = Debug|Any CPU
		{EC962395-5433-4A54-8081-F24528C6BC21}.Debug|Any CPU.Build.0 = Debug|Any CPU
		{EC962395-5433-4A54-8081-F24528C6BC21}.Release|Any CPU.ActiveCfg = Release|Any CPU
		{EC962395-5433-4A54-8081-F24528C6BC21}.Release|Any CPU.Build.0 = Release|Any CPU
		{890771FD-0D58-47CA-9760-AA2EF28D6CFF}.Debug|Any CPU.ActiveCfg = Debug|Any CPU
		{890771FD-0D58-47CA-9760-AA2EF28D6CFF}.Debug|Any CPU.Build.0 = Debug|Any CPU
		{890771FD-0D58-47CA-9760-AA2EF28D6CFF}.Release|Any CPU.ActiveCfg = Release|Any CPU
		{890771FD-0D58-47CA-9760-AA2EF28D6CFF}.Release|Any CPU.Build.0 = Release|Any CPU
		{F9586317-51EE-4CCD-9738-B02E46998BE0}.Debug|Any CPU.ActiveCfg = Debug|Any CPU
		{F9586317-51EE-4CCD-9738-B02E46998BE0}.Debug|Any CPU.Build.0 = Debug|Any CPU
		{F9586317-51EE-4CCD-9738-B02E46998BE0}.Release|Any CPU.ActiveCfg = Release|Any CPU
		{F9586317-51EE-4CCD-9738-B02E46998BE0}.Release|Any CPU.Build.0 = Release|Any CPU
		{ED5237EA-DEB1-4343-8265-F749CDBD3EDE}.Debug|Any CPU.ActiveCfg = Debug|Any CPU
		{ED5237EA-DEB1-4343-8265-F749CDBD3EDE}.Debug|Any CPU.Build.0 = Debug|Any CPU
		{ED5237EA-DEB1-4343-8265-F749CDBD3EDE}.Release|Any CPU.ActiveCfg = Release|Any CPU
		{ED5237EA-DEB1-4343-8265-F749CDBD3EDE}.Release|Any CPU.Build.0 = Release|Any CPU
		{C21556BA-5937-403C-A70A-283136158DF0}.Debug|Any CPU.ActiveCfg = Debug|Any CPU
		{C21556BA-5937-403C-A70A-283136158DF0}.Debug|Any CPU.Build.0 = Debug|Any CPU
		{C21556BA-5937-403C-A70A-283136158DF0}.Release|Any CPU.ActiveCfg = Release|Any CPU
		{C21556BA-5937-403C-A70A-283136158DF0}.Release|Any CPU.Build.0 = Release|Any CPU
		{8CD9D7C8-563B-47DF-9849-DDD3AC49F770}.Debug|Any CPU.ActiveCfg = Debug|Any CPU
		{8CD9D7C8-563B-47DF-9849-DDD3AC49F770}.Debug|Any CPU.Build.0 = Debug|Any CPU
		{8CD9D7C8-563B-47DF-9849-DDD3AC49F770}.Release|Any CPU.ActiveCfg = Release|Any CPU
		{8CD9D7C8-563B-47DF-9849-DDD3AC49F770}.Release|Any CPU.Build.0 = Release|Any CPU
		{B86A64A8-D933-410E-9124-FCA4DD646831}.Debug|Any CPU.ActiveCfg = Debug|Any CPU
		{B86A64A8-D933-410E-9124-FCA4DD646831}.Debug|Any CPU.Build.0 = Debug|Any CPU
		{B86A64A8-D933-410E-9124-FCA4DD646831}.Release|Any CPU.ActiveCfg = Release|Any CPU
		{B86A64A8-D933-410E-9124-FCA4DD646831}.Release|Any CPU.Build.0 = Release|Any CPU
		{7B4D7718-532D-4059-9279-6CABDC9D7D92}.Debug|Any CPU.ActiveCfg = Debug|Any CPU
		{7B4D7718-532D-4059-9279-6CABDC9D7D92}.Debug|Any CPU.Build.0 = Debug|Any CPU
		{7B4D7718-532D-4059-9279-6CABDC9D7D92}.Release|Any CPU.ActiveCfg = Release|Any CPU
		{7B4D7718-532D-4059-9279-6CABDC9D7D92}.Release|Any CPU.Build.0 = Release|Any CPU
		{7C019C29-7E29-48C7-BEE5-098C6B6F7EE5}.Debug|Any CPU.ActiveCfg = Debug|Any CPU
		{7C019C29-7E29-48C7-BEE5-098C6B6F7EE5}.Debug|Any CPU.Build.0 = Debug|Any CPU
		{7C019C29-7E29-48C7-BEE5-098C6B6F7EE5}.Release|Any CPU.ActiveCfg = Release|Any CPU
		{7C019C29-7E29-48C7-BEE5-098C6B6F7EE5}.Release|Any CPU.Build.0 = Release|Any CPU
		{6445B906-3CB7-4896-85EF-2075336CAAA6}.Debug|Any CPU.ActiveCfg = Debug|Any CPU
		{6445B906-3CB7-4896-85EF-2075336CAAA6}.Debug|Any CPU.Build.0 = Debug|Any CPU
		{6445B906-3CB7-4896-85EF-2075336CAAA6}.Release|Any CPU.ActiveCfg = Release|Any CPU
		{6445B906-3CB7-4896-85EF-2075336CAAA6}.Release|Any CPU.Build.0 = Release|Any CPU
		{2A109F0A-D8AD-48C6-BC4A-C14D597946F8}.Debug|Any CPU.ActiveCfg = Debug|Any CPU
		{2A109F0A-D8AD-48C6-BC4A-C14D597946F8}.Debug|Any CPU.Build.0 = Debug|Any CPU
		{2A109F0A-D8AD-48C6-BC4A-C14D597946F8}.Release|Any CPU.ActiveCfg = Release|Any CPU
		{2A109F0A-D8AD-48C6-BC4A-C14D597946F8}.Release|Any CPU.Build.0 = Release|Any CPU
		{B187B711-7DD0-49F6-92B5-597511F282EF}.Debug|Any CPU.ActiveCfg = Debug|Any CPU
		{B187B711-7DD0-49F6-92B5-597511F282EF}.Debug|Any CPU.Build.0 = Debug|Any CPU
		{B187B711-7DD0-49F6-92B5-597511F282EF}.Release|Any CPU.ActiveCfg = Release|Any CPU
		{B187B711-7DD0-49F6-92B5-597511F282EF}.Release|Any CPU.Build.0 = Release|Any CPU
	EndGlobalSection
	GlobalSection(SolutionProperties) = preSolution
		HideSolutionNode = FALSE
	EndGlobalSection
EndGlobal
